
Microsoft Visual Studio Solution File, Format Version 12.00
# Visual Studio Version 16
VisualStudioVersion = 16.0.29215.179
MinimumVisualStudioVersion = 10.0.40219.1
Project("{9A19103F-16F7-4668-BE54-9A1E7A4F7556}") = "Classroom.SimpleCRM", "Classroom.SimpleCRM\Classroom.SimpleCRM.csproj", "{7EC93982-58D3-49A2-8F06-D0CB25B5DF15}"
EndProject
Project("{9A19103F-16F7-4668-BE54-9A1E7A4F7556}") = "Classroom.SimpleCRM.SqlDbServices", "Classroom.SimpleCRM.SqlDbServices\Classroom.SimpleCRM.SqlDbServices.csproj", "{C17AAF87-7602-4C6B-934B-3DE62F170B8B}"
EndProject
Project("{FAE04EC0-301F-11D3-BF4B-00C04F79EFBC}") = "Classroom.SimpleCRM.WebApi", "Classroom.SimpleCRM.WebApi\Classroom.SimpleCRM.WebApi.csproj", "{0E4E542C-2915-4683-9A7C-196D40E44BA0}"
EndProject
Global
	GlobalSection(SolutionConfigurationPlatforms) = preSolution
		Debug|Any CPU = Debug|Any CPU
		Release|Any CPU = Release|Any CPU
	EndGlobalSection
	GlobalSection(ProjectConfigurationPlatforms) = postSolution
		{7EC93982-58D3-49A2-8F06-D0CB25B5DF15}.Debug|Any CPU.ActiveCfg = Debug|Any CPU
		{7EC93982-58D3-49A2-8F06-D0CB25B5DF15}.Debug|Any CPU.Build.0 = Debug|Any CPU
		{7EC93982-58D3-49A2-8F06-D0CB25B5DF15}.Release|Any CPU.ActiveCfg = Release|Any CPU
		{7EC93982-58D3-49A2-8F06-D0CB25B5DF15}.Release|Any CPU.Build.0 = Release|Any CPU
		{C17AAF87-7602-4C6B-934B-3DE62F170B8B}.Debug|Any CPU.ActiveCfg = Debug|Any CPU
		{C17AAF87-7602-4C6B-934B-3DE62F170B8B}.Debug|Any CPU.Build.0 = Debug|Any CPU
		{C17AAF87-7602-4C6B-934B-3DE62F170B8B}.Release|Any CPU.ActiveCfg = Release|Any CPU
		{C17AAF87-7602-4C6B-934B-3DE62F170B8B}.Release|Any CPU.Build.0 = Release|Any CPU
		{0E4E542C-2915-4683-9A7C-196D40E44BA0}.Debug|Any CPU.ActiveCfg = Debug|Any CPU
		{0E4E542C-2915-4683-9A7C-196D40E44BA0}.Debug|Any CPU.Build.0 = Debug|Any CPU
		{0E4E542C-2915-4683-9A7C-196D40E44BA0}.Release|Any CPU.ActiveCfg = Release|Any CPU
		{0E4E542C-2915-4683-9A7C-196D40E44BA0}.Release|Any CPU.Build.0 = Release|Any CPU
	EndGlobalSection
	GlobalSection(SolutionProperties) = preSolution
		HideSolutionNode = FALSE
	EndGlobalSection
	GlobalSection(ExtensibilityGlobals) = postSolution
		SolutionGuid = {106CBDF5-B9B0-4A0B-A5FE-BFD587027023}
	EndGlobalSection
EndGlobal
